
Microsoft Visual Studio Solution File, Format Version 12.00
# Visual Studio Version 17
VisualStudioVersion = 17.10.35013.160
MinimumVisualStudioVersion = 10.0.40219.1
Project("{FAE04EC0-301F-11D3-BF4B-00C04F79EFBC}") = "GenericsDemo_HRB", "GenericsDemo_HRB\GenericsDemo_HRB.csproj", "{98352814-EBB8-4F9C-BCFB-45418A78128F}"
	ProjectSection(ProjectDependencies) = postProject
		{2988EAFC-CA94-4142-ABDD-53D6649946A9} = {2988EAFC-CA94-4142-ABDD-53D6649946A9}
	EndProjectSection
EndProject
Project("{FAE04EC0-301F-11D3-BF4B-00C04F79EFBC}") = "LibraryForGenerics", "LibraryForGenerics\LibraryForGenerics.csproj", "{2988EAFC-CA94-4142-ABDD-53D6649946A9}"
EndProject
Global
	GlobalSection(SolutionConfigurationPlatforms) = preSolution
		Debug|Any CPU = Debug|Any CPU
		Release|Any CPU = Release|Any CPU
	EndGlobalSection
	GlobalSection(ProjectConfigurationPlatforms) = postSolution
		{98352814-EBB8-4F9C-BCFB-45418A78128F}.Debug|Any CPU.ActiveCfg = Debug|Any CPU
		{98352814-EBB8-4F9C-BCFB-45418A78128F}.Debug|Any CPU.Build.0 = Debug|Any CPU
		{98352814-EBB8-4F9C-BCFB-45418A78128F}.Release|Any CPU.ActiveCfg = Release|Any CPU
		{98352814-EBB8-4F9C-BCFB-45418A78128F}.Release|Any CPU.Build.0 = Release|Any CPU
		{2988EAFC-CA94-4142-ABDD-53D6649946A9}.Debug|Any CPU.ActiveCfg = Debug|Any CPU
		{2988EAFC-CA94-4142-ABDD-53D6649946A9}.Debug|Any CPU.Build.0 = Debug|Any CPU
		{2988EAFC-CA94-4142-ABDD-53D6649946A9}.Release|Any CPU.ActiveCfg = Release|Any CPU
		{2988EAFC-CA94-4142-ABDD-53D6649946A9}.Release|Any CPU.Build.0 = Release|Any CPU
	EndGlobalSection
	GlobalSection(SolutionProperties) = preSolution
		HideSolutionNode = FALSE
	EndGlobalSection
	GlobalSection(ExtensibilityGlobals) = postSolution
		SolutionGuid = {232FC677-7D46-4079-90D4-1109E54A5577}
	EndGlobalSection
EndGlobal
